
Microsoft Visual Studio Solution File, Format Version 11.00
# Visual C++ Express 2010
Project("{8BC9CEB8-8B4A-11D0-8D11-00A0C91BC942}") = "db-tins12", "db-tins12.vcxproj", "{4770197F-49A0-4E5D-A623-95BF886C6EE2}"
EndProject
Global
	GlobalSection(SolutionConfigurationPlatforms) = preSolution
		Debug|Win32 = Debug|Win32
		Release|Win32 = Release|Win32
	EndGlobalSection
	GlobalSection(ProjectConfigurationPlatforms) = postSolution
		{4770197F-49A0-4E5D-A623-95BF886C6EE2}.Debug|Win32.ActiveCfg = Debug|Win32
		{4770197F-49A0-4E5D-A623-95BF886C6EE2}.Debug|Win32.Build.0 = Debug|Win32
		{4770197F-49A0-4E5D-A623-95BF886C6EE2}.Release|Win32.ActiveCfg = Release|Win32
		{4770197F-49A0-4E5D-A623-95BF886C6EE2}.Release|Win32.Build.0 = Release|Win32
	EndGlobalSection
	GlobalSection(SolutionProperties) = preSolution
		HideSolutionNode = FALSE
	EndGlobalSection
EndGlobal
